<?xml version="1.0" encoding="utf-8"?>
<Project ToolsVersion="4.0" xmlns="http://schemas.microsoft.com/developer/msbuild/2003">
  <ItemGroup>
    <ClCompile Include="InitShader.cpp" />
    <ClCompile Include="LoadMesh.cpp" />
    <ClCompile Include="LoadTexture.cpp" />
    <ClCompile Include="include\imgui\imgui.cpp">
      <Filter>imgui</Filter>
    </ClCompile>
    <ClCompile Include="include\imgui\imgui_demo.cpp">
      <Filter>imgui</Filter>
    </ClCompile>
    <ClCompile Include="include\imgui\imgui_draw.cpp">
      <Filter>imgui</Filter>
    </ClCompile>
    <ClCompile Include="include\imgui\imgui_impl_glut.cpp">
      <Filter>imgui</Filter>
    </ClCompile>
    <ClCompile Include="main.cpp" />
    <ClCompile Include="Camera.cpp" />
    <ClCompile Include="Planet.cpp" />
    <ClCompile Include="Cube.cpp" />
    <ClCompile Include="Sphere.cpp" />
  </ItemGroup>
  <ItemGroup>
    <ClInclude Include="include\imgui\imconfig.h" />
    <ClInclude Include="InitShader.h" />
    <ClInclude Include="LoadMesh.h" />
    <ClInclude Include="LoadTexture.h" />
    <ClInclude Include="include\imgui\imgui.h">
      <Filter>imgui</Filter>
    </ClInclude>
    <ClInclude Include="include\imgui\imgui_impl_glut.h">
      <Filter>imgui</Filter>
    </ClInclude>
    <ClInclude Include="include\imgui\imgui_internal.h">
      <Filter>imgui</Filter>
    </ClInclude>
    <ClInclude Include="include\imgui\stb_rect_pack.h">
      <Filter>imgui</Filter>
    </ClInclude>
    <ClInclude Include="include\imgui\stb_textedit.h">
      <Filter>imgui</Filter>
    </ClInclude>
    <ClInclude Include="include\imgui\stb_truetype.h">
      <Filter>imgui</Filter>
    </ClInclude>
    <ClInclude Include="Camera.h" />
    <ClInclude Include="Planet.h" />
    <ClInclude Include="Cube.h" />
    <ClInclude Include="Sphere.h" />
    <ClInclude Include="global_variables.h" />
  </ItemGroup>
  <ItemGroup>
    <None Include="gui_demo_fs.glsl">
      <Filter>shaders</Filter>
    </None>
    <None Include="gui_demo_vs.glsl">
      <Filter>shaders</Filter>
    </None>
    <None Include="sun_fs.glsl">
      <Filter>shaders</Filter>
    </None>
    <None Include="sun_vs.glsl">
      <Filter>shaders</Filter>
    </None>
    <None Include="cube_fs.glsl">
      <Filter>shaders</Filter>
    </None>
    <None Include="cube_vs.glsl">
      <Filter>shaders</Filter>
    </None>
    <None Include="mercury_fs.glsl">
      <Filter>shaders</Filter>
    </None>
    <None Include="mercury_vs.glsl">
      <Filter>shaders</Filter>
    </None>
    <None Include="venus_fs.glsl">
      <Filter>shaders</Filter>
    </None>
    <None Include="venus_vs.glsl">
      <Filter>shaders</Filter>
    </None>
    <None Include="earth_fs.glsl">
      <Filter>shaders</Filter>
    </None>
    <None Include="earth_vs.glsl">
      <Filter>shaders</Filter>
    </None>
    <None Include="asteroid_fs.glsl">
      <Filter>shaders</Filter>
    </None>
    <None Include="asteroid_vs.glsl">
      <Filter>shaders</Filter>
    </None>
  </ItemGroup>
  <ItemGroup>
    <Filter Include="imgui">
      <UniqueIdentifier>{9af1a19f-5264-49df-9655-5716798e96f6}</UniqueIdentifier>
    </Filter>
    <Filter Include="shaders">
      <UniqueIdentifier>{9ebd4420-12ed-41c7-9daf-9c8f7b7baac1}</UniqueIdentifier>
    </Filter>
  </ItemGroup>
</Project>